Microsoft Visual Studio Solution File, Format Version 12.00
# Visual Studio Version 16
VisualStudioVersion = 16.0.0.0
MinimumVisualStudioVersion = 16.0.0.0
Project("{9A19103F-16F7-4668-BE54-9A1E7A4F7556}") = "Intrepion.ToDo", "Intrepion.ToDo\Intrepion.ToDo.csproj", "{89312A7D-9E4A-49A3-8187-EE85CD389A97}"
EndProject
Project("{9A19103F-16F7-4668-BE54-9A1E7A4F7556}") = "Intrepion.ToDo.Client", "Intrepion.ToDo.Client\Intrepion.ToDo.Client.csproj", "{645CCC8E-074E-4E33-AFB2-4CB32CC8C289}"
EndProject
Project("{FAE04EC0-301F-11D3-BF4B-00C04F79EFBC}") = "Intrepion.ToDo.AcceptanceTests", "Intrepion.ToDo.AcceptanceTests\Intrepion.ToDo.AcceptanceTests.csproj", "{5E3E839A-59B2-45A2-BE9B-CAF55633BC30}"
EndProject
Project("{FAE04EC0-301F-11D3-BF4B-00C04F79EFBC}") = "Intrepion.ToDo.BusinessLogic", "Intrepion.ToDo.BusinessLogic\Intrepion.ToDo.BusinessLogic.csproj", "{5784693D-53D3-4239-8225-0D156A2E3C58}"
EndProject
Project("{FAE04EC0-301F-11D3-BF4B-00C04F79EFBC}") = "Intrepion.ToDo.BusinessLogic.UnitTests", "Intrepion.ToDo.BusinessLogic.UnitTests\Intrepion.ToDo.BusinessLogic.UnitTests.csproj", "{E886C9F4-1717-4884-96A5-00223B9F0570}"
EndProject
Project("{FAE04EC0-301F-11D3-BF4B-00C04F79EFBC}") = "Intrepion.ToDo.Client.ComponentTests", "Intrepion.ToDo.Client.ComponentTests\Intrepion.ToDo.Client.ComponentTests.csproj", "{38EF1FDB-07A3-4D5E-BBDE-178876ACCDB1}"
EndProject
Project("{FAE04EC0-301F-11D3-BF4B-00C04F79EFBC}") = "Intrepion.ToDo.ConsoleProject", "Intrepion.ToDo.ConsoleProject\Intrepion.ToDo.ConsoleProject.csproj", "{673537C4-3720-41DB-9469-CDDF058752F3}"
EndProject
Global
	GlobalSection(SolutionConfigurationPlatforms) = preSolution
		Debug|Any CPU = Debug|Any CPU
		Debug|x64 = Debug|x64
		Debug|x86 = Debug|x86
		Release|Any CPU = Release|Any CPU
		Release|x64 = Release|x64
		Release|x86 = Release|x86
	EndGlobalSection
	GlobalSection(ProjectConfigurationPlatforms) = postSolution
		{645CCC8E-074E-4E33-AFB2-4CB32CC8C289}.Debug|Any CPU.ActiveCfg = Debug|Any CPU
		{645CCC8E-074E-4E33-AFB2-4CB32CC8C289}.Debug|Any CPU.Build.0 = Debug|Any CPU
		{645CCC8E-074E-4E33-AFB2-4CB32CC8C289}.Debug|x64.ActiveCfg = Debug|Any CPU
		{645CCC8E-074E-4E33-AFB2-4CB32CC8C289}.Debug|x64.Build.0 = Debug|Any CPU
		{645CCC8E-074E-4E33-AFB2-4CB32CC8C289}.Debug|x86.ActiveCfg = Debug|Any CPU
		{645CCC8E-074E-4E33-AFB2-4CB32CC8C289}.Debug|x86.Build.0 = Debug|Any CPU
		{645CCC8E-074E-4E33-AFB2-4CB32CC8C289}.Release|Any CPU.ActiveCfg = Release|Any CPU
		{645CCC8E-074E-4E33-AFB2-4CB32CC8C289}.Release|Any CPU.Build.0 = Release|Any CPU
		{645CCC8E-074E-4E33-AFB2-4CB32CC8C289}.Release|x64.ActiveCfg = Release|Any CPU
		{645CCC8E-074E-4E33-AFB2-4CB32CC8C289}.Release|x64.Build.0 = Release|Any CPU
		{645CCC8E-074E-4E33-AFB2-4CB32CC8C289}.Release|x86.ActiveCfg = Release|Any CPU
		{645CCC8E-074E-4E33-AFB2-4CB32CC8C289}.Release|x86.Build.0 = Release|Any CPU
		{89312A7D-9E4A-49A3-8187-EE85CD389A97}.Debug|Any CPU.ActiveCfg = Debug|Any CPU
		{89312A7D-9E4A-49A3-8187-EE85CD389A97}.Debug|Any CPU.Build.0 = Debug|Any CPU
		{89312A7D-9E4A-49A3-8187-EE85CD389A97}.Debug|x64.ActiveCfg = Debug|Any CPU
		{89312A7D-9E4A-49A3-8187-EE85CD389A97}.Debug|x64.Build.0 = Debug|Any CPU
		{89312A7D-9E4A-49A3-8187-EE85CD389A97}.Debug|x86.ActiveCfg = Debug|Any CPU
		{89312A7D-9E4A-49A3-8187-EE85CD389A97}.Debug|x86.Build.0 = Debug|Any CPU
		{89312A7D-9E4A-49A3-8187-EE85CD389A97}.Release|Any CPU.ActiveCfg = Release|Any CPU
		{89312A7D-9E4A-49A3-8187-EE85CD389A97}.Release|Any CPU.Build.0 = Release|Any CPU
		{89312A7D-9E4A-49A3-8187-EE85CD389A97}.Release|x64.ActiveCfg = Release|Any CPU
		{89312A7D-9E4A-49A3-8187-EE85CD389A97}.Release|x64.Build.0 = Release|Any CPU
		{89312A7D-9E4A-49A3-8187-EE85CD389A97}.Release|x86.ActiveCfg = Release|Any CPU
		{89312A7D-9E4A-49A3-8187-EE85CD389A97}.Release|x86.Build.0 = Release|Any CPU
		{5E3E839A-59B2-45A2-BE9B-CAF55633BC30}.Debug|Any CPU.ActiveCfg = Debug|Any CPU
		{5E3E839A-59B2-45A2-BE9B-CAF55633BC30}.Debug|Any CPU.Build.0 = Debug|Any CPU
		{5E3E839A-59B2-45A2-BE9B-CAF55633BC30}.Debug|x64.ActiveCfg = Debug|Any CPU
		{5E3E839A-59B2-45A2-BE9B-CAF55633BC30}.Debug|x64.Build.0 = Debug|Any CPU
		{5E3E839A-59B2-45A2-BE9B-CAF55633BC30}.Debug|x86.ActiveCfg = Debug|Any CPU
		{5E3E839A-59B2-45A2-BE9B-CAF55633BC30}.Debug|x86.Build.0 = Debug|Any CPU
		{5E3E839A-59B2-45A2-BE9B-CAF55633BC30}.Release|Any CPU.ActiveCfg = Release|Any CPU
		{5E3E839A-59B2-45A2-BE9B-CAF55633BC30}.Release|Any CPU.Build.0 = Release|Any CPU
		{5E3E839A-59B2-45A2-BE9B-CAF55633BC30}.Release|x64.ActiveCfg = Release|Any CPU
		{5E3E839A-59B2-45A2-BE9B-CAF55633BC30}.Release|x64.Build.0 = Release|Any CPU
		{5E3E839A-59B2-45A2-BE9B-CAF55633BC30}.Release|x86.ActiveCfg = Release|Any CPU
		{5E3E839A-59B2-45A2-BE9B-CAF55633BC30}.Release|x86.Build.0 = Release|Any CPU
		{5784693D-53D3-4239-8225-0D156A2E3C58}.Debug|Any CPU.ActiveCfg = Debug|Any CPU
		{5784693D-53D3-4239-8225-0D156A2E3C58}.Debug|Any CPU.Build.0 = Debug|Any CPU
		{5784693D-53D3-4239-8225-0D156A2E3C58}.Debug|x64.ActiveCfg = Debug|Any CPU
		{5784693D-53D3-4239-8225-0D156A2E3C58}.Debug|x64.Build.0 = Debug|Any CPU
		{5784693D-53D3-4239-8225-0D156A2E3C58}.Debug|x86.ActiveCfg = Debug|Any CPU
		{5784693D-53D3-4239-8225-0D156A2E3C58}.Debug|x86.Build.0 = Debug|Any CPU
		{5784693D-53D3-4239-8225-0D156A2E3C58}.Release|Any CPU.ActiveCfg = Release|Any CPU
		{5784693D-53D3-4239-8225-0D156A2E3C58}.Release|Any CPU.Build.0 = Release|Any CPU
		{5784693D-53D3-4239-8225-0D156A2E3C58}.Release|x64.ActiveCfg = Release|Any CPU
		{5784693D-53D3-4239-8225-0D156A2E3C58}.Release|x64.Build.0 = Release|Any CPU
		{5784693D-53D3-4239-8225-0D156A2E3C58}.Release|x86.ActiveCfg = Release|Any CPU
		{5784693D-53D3-4239-8225-0D156A2E3C58}.Release|x86.Build.0 = Release|Any CPU
		{E886C9F4-1717-4884-96A5-00223B9F0570}.Debug|Any CPU.ActiveCfg = Debug|Any CPU
		{E886C9F4-1717-4884-96A5-00223B9F0570}.Debug|Any CPU.Build.0 = Debug|Any CPU
		{E886C9F4-1717-4884-96A5-00223B9F0570}.Debug|x64.ActiveCfg = Debug|Any CPU
		{E886C9F4-1717-4884-96A5-00223B9F0570}.Debug|x64.Build.0 = Debug|Any CPU
		{E886C9F4-1717-4884-96A5-00223B9F0570}.Debug|x86.ActiveCfg = Debug|Any CPU
		{E886C9F4-1717-4884-96A5-00223B9F0570}.Debug|x86.Build.0 = Debug|Any CPU
		{E886C9F4-1717-4884-96A5-00223B9F0570}.Release|Any CPU.ActiveCfg = Release|Any CPU
		{E886C9F4-1717-4884-96A5-00223B9F0570}.Release|Any CPU.Build.0 = Release|Any CPU
		{E886C9F4-1717-4884-96A5-00223B9F0570}.Release|x64.ActiveCfg = Release|Any CPU
		{E886C9F4-1717-4884-96A5-00223B9F0570}.Release|x64.Build.0 = Release|Any CPU
		{E886C9F4-1717-4884-96A5-00223B9F0570}.Release|x86.ActiveCfg = Release|Any CPU
		{E886C9F4-1717-4884-96A5-00223B9F0570}.Release|x86.Build.0 = Release|Any CPU
		{38EF1FDB-07A3-4D5E-BBDE-178876ACCDB1}.Debug|Any CPU.ActiveCfg = Debug|Any CPU
		{38EF1FDB-07A3-4D5E-BBDE-178876ACCDB1}.Debug|Any CPU.Build.0 = Debug|Any CPU
		{38EF1FDB-07A3-4D5E-BBDE-178876ACCDB1}.Debug|x64.ActiveCfg = Debug|Any CPU
		{38EF1FDB-07A3-4D5E-BBDE-178876ACCDB1}.Debug|x64.Build.0 = Debug|Any CPU
		{38EF1FDB-07A3-4D5E-BBDE-178876ACCDB1}.Debug|x86.ActiveCfg = Debug|Any CPU
		{38EF1FDB-07A3-4D5E-BBDE-178876ACCDB1}.Debug|x86.Build.0 = Debug|Any CPU
		{38EF1FDB-07A3-4D5E-BBDE-178876ACCDB1}.Release|Any CPU.ActiveCfg = Release|Any CPU
		{38EF1FDB-07A3-4D5E-BBDE-178876ACCDB1}.Release|Any CPU.Build.0 = Release|Any CPU
		{38EF1FDB-07A3-4D5E-BBDE-178876ACCDB1}.Release|x64.ActiveCfg = Release|Any CPU
		{38EF1FDB-07A3-4D5E-BBDE-178876ACCDB1}.Release|x64.Build.0 = Release|Any CPU
		{38EF1FDB-07A3-4D5E-BBDE-178876ACCDB1}.Release|x86.ActiveCfg = Release|Any CPU
		{38EF1FDB-07A3-4D5E-BBDE-178876ACCDB1}.Release|x86.Build.0 = Release|Any CPU
		{673537C4-3720-41DB-9469-CDDF058752F3}.Debug|Any CPU.ActiveCfg = Debug|Any CPU
		{673537C4-3720-41DB-9469-CDDF058752F3}.Debug|Any CPU.Build.0 = Debug|Any CPU
		{673537C4-3720-41DB-9469-CDDF058752F3}.Debug|x64.ActiveCfg = Debug|Any CPU
		{673537C4-3720-41DB-9469-CDDF058752F3}.Debug|x64.Build.0 = Debug|Any CPU
		{673537C4-3720-41DB-9469-CDDF058752F3}.Debug|x86.ActiveCfg = Debug|Any CPU
		{673537C4-3720-41DB-9469-CDDF058752F3}.Debug|x86.Build.0 = Debug|Any CPU
		{673537C4-3720-41DB-9469-CDDF058752F3}.Release|Any CPU.ActiveCfg = Release|Any CPU
		{673537C4-3720-41DB-9469-CDDF058752F3}.Release|Any CPU.Build.0 = Release|Any CPU
		{673537C4-3720-41DB-9469-CDDF058752F3}.Release|x64.ActiveCfg = Release|Any CPU
		{673537C4-3720-41DB-9469-CDDF058752F3}.Release|x64.Build.0 = Release|Any CPU
		{673537C4-3720-41DB-9469-CDDF058752F3}.Release|x86.ActiveCfg = Release|Any CPU
		{673537C4-3720-41DB-9469-CDDF058752F3}.Release|x86.Build.0 = Release|Any CPU
	EndGlobalSection
	GlobalSection(SolutionProperties) = preSolution
		HideSolutionNode = FALSE
	EndGlobalSection
	GlobalSection(ExtensibilityGlobals) = postSolution
		SolutionGuid = {8D6D3433-732B-43F3-B159-A7731C8F0F5B}
	EndGlobalSection
EndGlobal
