Microsoft Visual Studio Solution File, Format Version 12.00
# Visual Studio Version 16
VisualStudioVersion = 16.0.0.0
MinimumVisualStudioVersion = 16.0.0.0
Project("{9A19103F-16F7-4668-BE54-9A1E7A4F7556}") = "Intrepion.ToDo", "Intrepion.ToDo\Intrepion.ToDo.csproj", "{4B0A4C83-065E-4A64-AA8E-AAAAD4279C97}"
EndProject
Project("{9A19103F-16F7-4668-BE54-9A1E7A4F7556}") = "Intrepion.ToDo.Client", "Intrepion.ToDo.Client\Intrepion.ToDo.Client.csproj", "{F5948375-0BB5-4341-8F64-4B6C645CCD0B}"
EndProject
Project("{FAE04EC0-301F-11D3-BF4B-00C04F79EFBC}") = "Intrepion.ToDo.Server.ComponentTests", "Intrepion.ToDo.Server.ComponentTests\Intrepion.ToDo.Server.ComponentTests.csproj", "{D8C94073-5A70-490B-9077-40C16B2D1CF9}"
EndProject
Project("{FAE04EC0-301F-11D3-BF4B-00C04F79EFBC}") = "Intrepion.ToDo.Server.ControllerTests", "Intrepion.ToDo.Server.ControllerTests\Intrepion.ToDo.Server.ControllerTests.csproj", "{AB31C77E-C138-4A93-87C0-C999B090588D}"
EndProject
Project("{FAE04EC0-301F-11D3-BF4B-00C04F79EFBC}") = "Intrepion.ToDo.Client.ComponentTests", "Intrepion.ToDo.Client.ComponentTests\Intrepion.ToDo.Client.ComponentTests.csproj", "{FE5FF5DE-B926-4627-9332-D0810433A643}"
EndProject
Project("{FAE04EC0-301F-11D3-BF4B-00C04F79EFBC}") = "Intrepion.ToDo.Shared", "Intrepion.ToDo.Shared\Intrepion.ToDo.Shared.csproj", "{46E272D6-A82F-423E-994A-51DEF248654F}"
EndProject
Project("{FAE04EC0-301F-11D3-BF4B-00C04F79EFBC}") = "Intrepion.ToDo.Shared.ComponentTests", "Intrepion.ToDo.Shared.ComponentTests\Intrepion.ToDo.Shared.ComponentTests.csproj", "{34DF0F2B-30ED-46F0-B5EA-3B641AA7CC3C}"
EndProject
Project("{FAE04EC0-301F-11D3-BF4B-00C04F79EFBC}") = "Intrepion.ToDo.BusinessLogic", "Intrepion.ToDo.BusinessLogic\Intrepion.ToDo.BusinessLogic.csproj", "{B8897386-0A8B-4E41-B2A1-EBF16B9A45FA}"
EndProject
Project("{FAE04EC0-301F-11D3-BF4B-00C04F79EFBC}") = "Intrepion.ToDo.BusinessLogic.UnitTests", "Intrepion.ToDo.BusinessLogic.UnitTests\Intrepion.ToDo.BusinessLogic.UnitTests.csproj", "{2AACBA10-C475-4B88-90BD-7CA4C2B6FC7E}"
EndProject
Global
	GlobalSection(SolutionConfigurationPlatforms) = preSolution
		Debug|Any CPU = Debug|Any CPU
		Debug|x64 = Debug|x64
		Debug|x86 = Debug|x86
		Release|Any CPU = Release|Any CPU
		Release|x64 = Release|x64
		Release|x86 = Release|x86
	EndGlobalSection
	GlobalSection(ProjectConfigurationPlatforms) = postSolution
		{F5948375-0BB5-4341-8F64-4B6C645CCD0B}.Debug|Any CPU.ActiveCfg = Debug|Any CPU
		{F5948375-0BB5-4341-8F64-4B6C645CCD0B}.Debug|Any CPU.Build.0 = Debug|Any CPU
		{F5948375-0BB5-4341-8F64-4B6C645CCD0B}.Debug|x64.ActiveCfg = Debug|Any CPU
		{F5948375-0BB5-4341-8F64-4B6C645CCD0B}.Debug|x64.Build.0 = Debug|Any CPU
		{F5948375-0BB5-4341-8F64-4B6C645CCD0B}.Debug|x86.ActiveCfg = Debug|Any CPU
		{F5948375-0BB5-4341-8F64-4B6C645CCD0B}.Debug|x86.Build.0 = Debug|Any CPU
		{F5948375-0BB5-4341-8F64-4B6C645CCD0B}.Release|Any CPU.ActiveCfg = Release|Any CPU
		{F5948375-0BB5-4341-8F64-4B6C645CCD0B}.Release|Any CPU.Build.0 = Release|Any CPU
		{F5948375-0BB5-4341-8F64-4B6C645CCD0B}.Release|x64.ActiveCfg = Release|Any CPU
		{F5948375-0BB5-4341-8F64-4B6C645CCD0B}.Release|x64.Build.0 = Release|Any CPU
		{F5948375-0BB5-4341-8F64-4B6C645CCD0B}.Release|x86.ActiveCfg = Release|Any CPU
		{F5948375-0BB5-4341-8F64-4B6C645CCD0B}.Release|x86.Build.0 = Release|Any CPU
		{4B0A4C83-065E-4A64-AA8E-AAAAD4279C97}.Debug|Any CPU.ActiveCfg = Debug|Any CPU
		{4B0A4C83-065E-4A64-AA8E-AAAAD4279C97}.Debug|Any CPU.Build.0 = Debug|Any CPU
		{4B0A4C83-065E-4A64-AA8E-AAAAD4279C97}.Debug|x64.ActiveCfg = Debug|Any CPU
		{4B0A4C83-065E-4A64-AA8E-AAAAD4279C97}.Debug|x64.Build.0 = Debug|Any CPU
		{4B0A4C83-065E-4A64-AA8E-AAAAD4279C97}.Debug|x86.ActiveCfg = Debug|Any CPU
		{4B0A4C83-065E-4A64-AA8E-AAAAD4279C97}.Debug|x86.Build.0 = Debug|Any CPU
		{4B0A4C83-065E-4A64-AA8E-AAAAD4279C97}.Release|Any CPU.ActiveCfg = Release|Any CPU
		{4B0A4C83-065E-4A64-AA8E-AAAAD4279C97}.Release|Any CPU.Build.0 = Release|Any CPU
		{4B0A4C83-065E-4A64-AA8E-AAAAD4279C97}.Release|x64.ActiveCfg = Release|Any CPU
		{4B0A4C83-065E-4A64-AA8E-AAAAD4279C97}.Release|x64.Build.0 = Release|Any CPU
		{4B0A4C83-065E-4A64-AA8E-AAAAD4279C97}.Release|x86.ActiveCfg = Release|Any CPU
		{4B0A4C83-065E-4A64-AA8E-AAAAD4279C97}.Release|x86.Build.0 = Release|Any CPU
		{D8C94073-5A70-490B-9077-40C16B2D1CF9}.Debug|Any CPU.ActiveCfg = Debug|Any CPU
		{D8C94073-5A70-490B-9077-40C16B2D1CF9}.Debug|Any CPU.Build.0 = Debug|Any CPU
		{D8C94073-5A70-490B-9077-40C16B2D1CF9}.Debug|x64.ActiveCfg = Debug|Any CPU
		{D8C94073-5A70-490B-9077-40C16B2D1CF9}.Debug|x64.Build.0 = Debug|Any CPU
		{D8C94073-5A70-490B-9077-40C16B2D1CF9}.Debug|x86.ActiveCfg = Debug|Any CPU
		{D8C94073-5A70-490B-9077-40C16B2D1CF9}.Debug|x86.Build.0 = Debug|Any CPU
		{D8C94073-5A70-490B-9077-40C16B2D1CF9}.Release|Any CPU.ActiveCfg = Release|Any CPU
		{D8C94073-5A70-490B-9077-40C16B2D1CF9}.Release|Any CPU.Build.0 = Release|Any CPU
		{D8C94073-5A70-490B-9077-40C16B2D1CF9}.Release|x64.ActiveCfg = Release|Any CPU
		{D8C94073-5A70-490B-9077-40C16B2D1CF9}.Release|x64.Build.0 = Release|Any CPU
		{D8C94073-5A70-490B-9077-40C16B2D1CF9}.Release|x86.ActiveCfg = Release|Any CPU
		{D8C94073-5A70-490B-9077-40C16B2D1CF9}.Release|x86.Build.0 = Release|Any CPU
		{AB31C77E-C138-4A93-87C0-C999B090588D}.Debug|Any CPU.ActiveCfg = Debug|Any CPU
		{AB31C77E-C138-4A93-87C0-C999B090588D}.Debug|Any CPU.Build.0 = Debug|Any CPU
		{AB31C77E-C138-4A93-87C0-C999B090588D}.Debug|x64.ActiveCfg = Debug|Any CPU
		{AB31C77E-C138-4A93-87C0-C999B090588D}.Debug|x64.Build.0 = Debug|Any CPU
		{AB31C77E-C138-4A93-87C0-C999B090588D}.Debug|x86.ActiveCfg = Debug|Any CPU
		{AB31C77E-C138-4A93-87C0-C999B090588D}.Debug|x86.Build.0 = Debug|Any CPU
		{AB31C77E-C138-4A93-87C0-C999B090588D}.Release|Any CPU.ActiveCfg = Release|Any CPU
		{AB31C77E-C138-4A93-87C0-C999B090588D}.Release|Any CPU.Build.0 = Release|Any CPU
		{AB31C77E-C138-4A93-87C0-C999B090588D}.Release|x64.ActiveCfg = Release|Any CPU
		{AB31C77E-C138-4A93-87C0-C999B090588D}.Release|x64.Build.0 = Release|Any CPU
		{AB31C77E-C138-4A93-87C0-C999B090588D}.Release|x86.ActiveCfg = Release|Any CPU
		{AB31C77E-C138-4A93-87C0-C999B090588D}.Release|x86.Build.0 = Release|Any CPU
		{FE5FF5DE-B926-4627-9332-D0810433A643}.Debug|Any CPU.ActiveCfg = Debug|Any CPU
		{FE5FF5DE-B926-4627-9332-D0810433A643}.Debug|Any CPU.Build.0 = Debug|Any CPU
		{FE5FF5DE-B926-4627-9332-D0810433A643}.Debug|x64.ActiveCfg = Debug|Any CPU
		{FE5FF5DE-B926-4627-9332-D0810433A643}.Debug|x64.Build.0 = Debug|Any CPU
		{FE5FF5DE-B926-4627-9332-D0810433A643}.Debug|x86.ActiveCfg = Debug|Any CPU
		{FE5FF5DE-B926-4627-9332-D0810433A643}.Debug|x86.Build.0 = Debug|Any CPU
		{FE5FF5DE-B926-4627-9332-D0810433A643}.Release|Any CPU.ActiveCfg = Release|Any CPU
		{FE5FF5DE-B926-4627-9332-D0810433A643}.Release|Any CPU.Build.0 = Release|Any CPU
		{FE5FF5DE-B926-4627-9332-D0810433A643}.Release|x64.ActiveCfg = Release|Any CPU
		{FE5FF5DE-B926-4627-9332-D0810433A643}.Release|x64.Build.0 = Release|Any CPU
		{FE5FF5DE-B926-4627-9332-D0810433A643}.Release|x86.ActiveCfg = Release|Any CPU
		{FE5FF5DE-B926-4627-9332-D0810433A643}.Release|x86.Build.0 = Release|Any CPU
		{46E272D6-A82F-423E-994A-51DEF248654F}.Debug|Any CPU.ActiveCfg = Debug|Any CPU
		{46E272D6-A82F-423E-994A-51DEF248654F}.Debug|Any CPU.Build.0 = Debug|Any CPU
		{46E272D6-A82F-423E-994A-51DEF248654F}.Debug|x64.ActiveCfg = Debug|Any CPU
		{46E272D6-A82F-423E-994A-51DEF248654F}.Debug|x64.Build.0 = Debug|Any CPU
		{46E272D6-A82F-423E-994A-51DEF248654F}.Debug|x86.ActiveCfg = Debug|Any CPU
		{46E272D6-A82F-423E-994A-51DEF248654F}.Debug|x86.Build.0 = Debug|Any CPU
		{46E272D6-A82F-423E-994A-51DEF248654F}.Release|Any CPU.ActiveCfg = Release|Any CPU
		{46E272D6-A82F-423E-994A-51DEF248654F}.Release|Any CPU.Build.0 = Release|Any CPU
		{46E272D6-A82F-423E-994A-51DEF248654F}.Release|x64.ActiveCfg = Release|Any CPU
		{46E272D6-A82F-423E-994A-51DEF248654F}.Release|x64.Build.0 = Release|Any CPU
		{46E272D6-A82F-423E-994A-51DEF248654F}.Release|x86.ActiveCfg = Release|Any CPU
		{46E272D6-A82F-423E-994A-51DEF248654F}.Release|x86.Build.0 = Release|Any CPU
		{34DF0F2B-30ED-46F0-B5EA-3B641AA7CC3C}.Debug|Any CPU.ActiveCfg = Debug|Any CPU
		{34DF0F2B-30ED-46F0-B5EA-3B641AA7CC3C}.Debug|Any CPU.Build.0 = Debug|Any CPU
		{34DF0F2B-30ED-46F0-B5EA-3B641AA7CC3C}.Debug|x64.ActiveCfg = Debug|Any CPU
		{34DF0F2B-30ED-46F0-B5EA-3B641AA7CC3C}.Debug|x64.Build.0 = Debug|Any CPU
		{34DF0F2B-30ED-46F0-B5EA-3B641AA7CC3C}.Debug|x86.ActiveCfg = Debug|Any CPU
		{34DF0F2B-30ED-46F0-B5EA-3B641AA7CC3C}.Debug|x86.Build.0 = Debug|Any CPU
		{34DF0F2B-30ED-46F0-B5EA-3B641AA7CC3C}.Release|Any CPU.ActiveCfg = Release|Any CPU
		{34DF0F2B-30ED-46F0-B5EA-3B641AA7CC3C}.Release|Any CPU.Build.0 = Release|Any CPU
		{34DF0F2B-30ED-46F0-B5EA-3B641AA7CC3C}.Release|x64.ActiveCfg = Release|Any CPU
		{34DF0F2B-30ED-46F0-B5EA-3B641AA7CC3C}.Release|x64.Build.0 = Release|Any CPU
		{34DF0F2B-30ED-46F0-B5EA-3B641AA7CC3C}.Release|x86.ActiveCfg = Release|Any CPU
		{34DF0F2B-30ED-46F0-B5EA-3B641AA7CC3C}.Release|x86.Build.0 = Release|Any CPU
		{B8897386-0A8B-4E41-B2A1-EBF16B9A45FA}.Debug|Any CPU.ActiveCfg = Debug|Any CPU
		{B8897386-0A8B-4E41-B2A1-EBF16B9A45FA}.Debug|Any CPU.Build.0 = Debug|Any CPU
		{B8897386-0A8B-4E41-B2A1-EBF16B9A45FA}.Debug|x64.ActiveCfg = Debug|Any CPU
		{B8897386-0A8B-4E41-B2A1-EBF16B9A45FA}.Debug|x64.Build.0 = Debug|Any CPU
		{B8897386-0A8B-4E41-B2A1-EBF16B9A45FA}.Debug|x86.ActiveCfg = Debug|Any CPU
		{B8897386-0A8B-4E41-B2A1-EBF16B9A45FA}.Debug|x86.Build.0 = Debug|Any CPU
		{B8897386-0A8B-4E41-B2A1-EBF16B9A45FA}.Release|Any CPU.ActiveCfg = Release|Any CPU
		{B8897386-0A8B-4E41-B2A1-EBF16B9A45FA}.Release|Any CPU.Build.0 = Release|Any CPU
		{B8897386-0A8B-4E41-B2A1-EBF16B9A45FA}.Release|x64.ActiveCfg = Release|Any CPU
		{B8897386-0A8B-4E41-B2A1-EBF16B9A45FA}.Release|x64.Build.0 = Release|Any CPU
		{B8897386-0A8B-4E41-B2A1-EBF16B9A45FA}.Release|x86.ActiveCfg = Release|Any CPU
		{B8897386-0A8B-4E41-B2A1-EBF16B9A45FA}.Release|x86.Build.0 = Release|Any CPU
		{2AACBA10-C475-4B88-90BD-7CA4C2B6FC7E}.Debug|Any CPU.ActiveCfg = Debug|Any CPU
		{2AACBA10-C475-4B88-90BD-7CA4C2B6FC7E}.Debug|Any CPU.Build.0 = Debug|Any CPU
		{2AACBA10-C475-4B88-90BD-7CA4C2B6FC7E}.Debug|x64.ActiveCfg = Debug|Any CPU
		{2AACBA10-C475-4B88-90BD-7CA4C2B6FC7E}.Debug|x64.Build.0 = Debug|Any CPU
		{2AACBA10-C475-4B88-90BD-7CA4C2B6FC7E}.Debug|x86.ActiveCfg = Debug|Any CPU
		{2AACBA10-C475-4B88-90BD-7CA4C2B6FC7E}.Debug|x86.Build.0 = Debug|Any CPU
		{2AACBA10-C475-4B88-90BD-7CA4C2B6FC7E}.Release|Any CPU.ActiveCfg = Release|Any CPU
		{2AACBA10-C475-4B88-90BD-7CA4C2B6FC7E}.Release|Any CPU.Build.0 = Release|Any CPU
		{2AACBA10-C475-4B88-90BD-7CA4C2B6FC7E}.Release|x64.ActiveCfg = Release|Any CPU
		{2AACBA10-C475-4B88-90BD-7CA4C2B6FC7E}.Release|x64.Build.0 = Release|Any CPU
		{2AACBA10-C475-4B88-90BD-7CA4C2B6FC7E}.Release|x86.ActiveCfg = Release|Any CPU
		{2AACBA10-C475-4B88-90BD-7CA4C2B6FC7E}.Release|x86.Build.0 = Release|Any CPU
	EndGlobalSection
	GlobalSection(SolutionProperties) = preSolution
		HideSolutionNode = FALSE
	EndGlobalSection
	GlobalSection(ExtensibilityGlobals) = postSolution
		SolutionGuid = {69065E40-7A26-4387-9292-63AF31586169}
	EndGlobalSection
EndGlobal
